
Microsoft Visual Studio Solution File, Format Version 12.00
# Visual Studio Version 17
VisualStudioVersion = 17.9.34728.123
MinimumVisualStudioVersion = 10.0.40219.1
Project("{9A19103F-16F7-4668-BE54-9A1E7A4F7556}") = "BulkyWeb", "BulkyWeb\BulkyWeb.csproj", "{17127BE7-891B-49FB-AF94-9DF7729F55A3}"
EndProject
Project("{FAE04EC0-301F-11D3-BF4B-00C04F79EFBC}") = "BulkyWeb_Razor", "BulkyWeb_Razor\BulkyWeb_Razor.csproj", "{1CB1E37B-FEFA-4B6A-9299-16C53676A671}"
EndProject
Global
	GlobalSection(SolutionConfigurationPlatforms) = preSolution
		Debug|Any CPU = Debug|Any CPU
		Release|Any CPU = Release|Any CPU
	EndGlobalSection
	GlobalSection(ProjectConfigurationPlatforms) = postSolution
		{17127BE7-891B-49FB-AF94-9DF7729F55A3}.Debug|Any CPU.ActiveCfg = Debug|Any CPU
		{17127BE7-891B-49FB-AF94-9DF7729F55A3}.Debug|Any CPU.Build.0 = Debug|Any CPU
		{17127BE7-891B-49FB-AF94-9DF7729F55A3}.Release|Any CPU.ActiveCfg = Release|Any CPU
		{17127BE7-891B-49FB-AF94-9DF7729F55A3}.Release|Any CPU.Build.0 = Release|Any CPU
		{1CB1E37B-FEFA-4B6A-9299-16C53676A671}.Debug|Any CPU.ActiveCfg = Debug|Any CPU
		{1CB1E37B-FEFA-4B6A-9299-16C53676A671}.Debug|Any CPU.Build.0 = Debug|Any CPU
		{1CB1E37B-FEFA-4B6A-9299-16C53676A671}.Release|Any CPU.ActiveCfg = Release|Any CPU
		{1CB1E37B-FEFA-4B6A-9299-16C53676A671}.Release|Any CPU.Build.0 = Release|Any CPU
	EndGlobalSection
	GlobalSection(SolutionProperties) = preSolution
		HideSolutionNode = FALSE
	EndGlobalSection
	GlobalSection(ExtensibilityGlobals) = postSolution
		SolutionGuid = {ED02CB74-CFAC-4B24-A473-C697E04B92BC}
	EndGlobalSection
EndGlobal
